// !$*UTF8*$!
{
	archiveVersion = 1;
	classes = {
	};
	objectVersion = 55;
	objects = {

/* Begin PBXBuildFile section */
		302B8A3F280CB90A00D7ED9E /* RInstagramApp.swift in Sources */ = {isa = PBXBuildFile; fileRef = 302B8A3E280CB90A00D7ED9E /* RInstagramApp.swift */; };
		302B8A43280CB90D00D7ED9E /* Assets.xcassets in Resources */ = {isa = PBXBuildFile; fileRef = 302B8A42280CB90D00D7ED9E /* Assets.xcassets */; };
		302B8A46280CB90D00D7ED9E /* Preview Assets.xcassets in Resources */ = {isa = PBXBuildFile; fileRef = 302B8A45280CB90D00D7ED9E /* Preview Assets.xcassets */; };
		302B8A4D280CB95600D7ED9E /* HomeView.swift in Sources */ = {isa = PBXBuildFile; fileRef = 302B8A4C280CB95600D7ED9E /* HomeView.swift */; };
		302B8A52280CC3F700D7ED9E /* Quicksand-Regular.ttf in Resources */ = {isa = PBXBuildFile; fileRef = 302B8A50280CC3F700D7ED9E /* Quicksand-Regular.ttf */; };
		302B8A53280CC3F700D7ED9E /* Quicksand-Bold.ttf in Resources */ = {isa = PBXBuildFile; fileRef = 302B8A51280CC3F700D7ED9E /* Quicksand-Bold.ttf */; };
		302B8A57280CC69D00D7ED9E /* StoriesView.swift in Sources */ = {isa = PBXBuildFile; fileRef = 302B8A56280CC69D00D7ED9E /* StoriesView.swift */; };
		302B8A5B280CC6D300D7ED9E /* UserModel.swift in Sources */ = {isa = PBXBuildFile; fileRef = 302B8A5A280CC6D300D7ED9E /* UserModel.swift */; };
		302B8A61280CC7BC00D7ED9E /* StoryModel.swift in Sources */ = {isa = PBXBuildFile; fileRef = 302B8A60280CC7BC00D7ED9E /* StoryModel.swift */; };
		302B8A63280CC8C200D7ED9E /* HomeViewModel.swift in Sources */ = {isa = PBXBuildFile; fileRef = 302B8A62280CC8C200D7ED9E /* HomeViewModel.swift */; };
		302B8A66280CCC8300D7ED9E /* Font+Ext.swift in Sources */ = {isa = PBXBuildFile; fileRef = 302B8A65280CCC8300D7ED9E /* Font+Ext.swift */; };
		302B8A69280CFE9F00D7ED9E /* StoryView.swift in Sources */ = {isa = PBXBuildFile; fileRef = 302B8A68280CFE9E00D7ED9E /* StoryView.swift */; };
		302B8A6D280DCEDC00D7ED9E /* PostModel.swift in Sources */ = {isa = PBXBuildFile; fileRef = 302B8A6C280DCEDC00D7ED9E /* PostModel.swift */; };
		302B8A70280E1E2700D7ED9E /* PostsView.swift in Sources */ = {isa = PBXBuildFile; fileRef = 302B8A6F280E1E2700D7ED9E /* PostsView.swift */; };
		30BBD54E280E37D00080F1CF /* Extension.swift in Sources */ = {isa = PBXBuildFile; fileRef = 30BBD54D280E37D00080F1CF /* Extension.swift */; };
		30BBD550280E3A360080F1CF /* PostView.swift in Sources */ = {isa = PBXBuildFile; fileRef = 30BBD54F280E3A360080F1CF /* PostView.swift */; };
/* End PBXBuildFile section */

/* Begin PBXFileReference section */
		302B8A3B280CB90A00D7ED9E /* RInstagram.app */ = {isa = PBXFileReference; explicitFileType = wrapper.application; includeInIndex = 0; path = RInstagram.app; sourceTree = BUILT_PRODUCTS_DIR; };
		302B8A3E280CB90A00D7ED9E /* RInstagramApp.swift */ = {isa = PBXFileReference; lastKnownFileType = sourcecode.swift; path = RInstagramApp.swift; sourceTree = "<group>"; };
		302B8A42280CB90D00D7ED9E /* Assets.xcassets */ = {isa = PBXFileReference; lastKnownFileType = folder.assetcatalog; path = Assets.xcassets; sourceTree = "<group>"; };
		302B8A45280CB90D00D7ED9E /* Preview Assets.xcassets */ = {isa = PBXFileReference; lastKnownFileType = folder.assetcatalog; path = "Preview Assets.xcassets"; sourceTree = "<group>"; };
		302B8A4C280CB95600D7ED9E /* HomeView.swift */ = {isa = PBXFileReference; lastKnownFileType = sourcecode.swift; path = HomeView.swift; sourceTree = "<group>"; };
		302B8A50280CC3F700D7ED9E /* Quicksand-Regular.ttf */ = {isa = PBXFileReference; lastKnownFileType = file; path = "Quicksand-Regular.ttf"; sourceTree = "<group>"; };
		302B8A51280CC3F700D7ED9E /* Quicksand-Bold.ttf */ = {isa = PBXFileReference; lastKnownFileType = file; path = "Quicksand-Bold.ttf"; sourceTree = "<group>"; };
		302B8A54280CC40700D7ED9E /* Info.plist */ = {isa = PBXFileReference; lastKnownFileType = text.plist; path = Info.plist; sourceTree = "<group>"; };
		302B8A56280CC69D00D7ED9E /* StoriesView.swift */ = {isa = PBXFileReference; lastKnownFileType = sourcecode.swift; path = StoriesView.swift; sourceTree = "<group>"; };
		302B8A5A280CC6D300D7ED9E /* UserModel.swift */ = {isa = PBXFileReference; lastKnownFileType = sourcecode.swift; path = UserModel.swift; sourceTree = "<group>"; };
		302B8A60280CC7BC00D7ED9E /* StoryModel.swift */ = {isa = PBXFileReference; lastKnownFileType = sourcecode.swift; path = StoryModel.swift; sourceTree = "<group>"; };
		302B8A62280CC8C200D7ED9E /* HomeViewModel.swift */ = {isa = PBXFileReference; lastKnownFileType = sourcecode.swift; path = HomeViewModel.swift; sourceTree = "<group>"; };
		302B8A65280CCC8300D7ED9E /* Font+Ext.swift */ = {isa = PBXFileReference; lastKnownFileType = sourcecode.swift; path = "Font+Ext.swift"; sourceTree = "<group>"; };
		302B8A68280CFE9E00D7ED9E /* StoryView.swift */ = {isa = PBXFileReference; lastKnownFileType = sourcecode.swift; path = StoryView.swift; sourceTree = "<group>"; };
		302B8A6C280DCEDC00D7ED9E /* PostModel.swift */ = {isa = PBXFileReference; lastKnownFileType = sourcecode.swift; path = PostModel.swift; sourceTree = "<group>"; };
		302B8A6F280E1E2700D7ED9E /* PostsView.swift */ = {isa = PBXFileReference; lastKnownFileType = sourcecode.swift; path = PostsView.swift; sourceTree = "<group>"; };
		30BBD54D280E37D00080F1CF /* Extension.swift */ = {isa = PBXFileReference; fileEncoding = 4; lastKnownFileType = sourcecode.swift; path = Extension.swift; sourceTree = "<group>"; };
		30BBD54F280E3A360080F1CF /* PostView.swift */ = {isa = PBXFileReference; lastKnownFileType = sourcecode.swift; path = PostView.swift; sourceTree = "<group>"; };
/* End PBXFileReference section */

/* Begin PBXFrameworksBuildPhase section */
		302B8A38280CB90A00D7ED9E /* Frameworks */ = {
			isa = PBXFrameworksBuildPhase;
			buildActionMask = 2147483647;
			files = (
			);
			runOnlyForDeploymentPostprocessing = 0;
		};
/* End PBXFrameworksBuildPhase section */

/* Begin PBXGroup section */
		302B8A32280CB90900D7ED9E = {
			isa = PBXGroup;
			children = (
				302B8A3D280CB90A00D7ED9E /* RInstagram */,
				302B8A3C280CB90A00D7ED9E /* Products */,
			);
			sourceTree = "<group>";
		};
		302B8A3C280CB90A00D7ED9E /* Products */ = {
			isa = PBXGroup;
			children = (
				302B8A3B280CB90A00D7ED9E /* RInstagram.app */,
			);
			name = Products;
			sourceTree = "<group>";
		};
		302B8A3D280CB90A00D7ED9E /* RInstagram */ = {
			isa = PBXGroup;
			children = (
				302B8A54280CC40700D7ED9E /* Info.plist */,
				302B8A3E280CB90A00D7ED9E /* RInstagramApp.swift */,
				302B8A59280CC6B500D7ED9E /* ViewModel */,
				302B8A58280CC6B100D7ED9E /* Model */,
				302B8A4E280CB95800D7ED9E /* View */,
				302B8A42280CB90D00D7ED9E /* Assets.xcassets */,
				302B8A64280CCB8C00D7ED9E /* Utils */,
				302B8A44280CB90D00D7ED9E /* Preview Content */,
			);
			path = RInstagram;
			sourceTree = "<group>";
		};
		302B8A44280CB90D00D7ED9E /* Preview Content */ = {
			isa = PBXGroup;
			children = (
				302B8A45280CB90D00D7ED9E /* Preview Assets.xcassets */,
			);
			path = "Preview Content";
			sourceTree = "<group>";
		};
		302B8A4E280CB95800D7ED9E /* View */ = {
			isa = PBXGroup;
			children = (
				302B8A4C280CB95600D7ED9E /* HomeView.swift */,
				302B8A55280CC66E00D7ED9E /* Components */,
			);
			path = View;
			sourceTree = "<group>";
		};
		302B8A4F280CC3E800D7ED9E /* Fonts */ = {
			isa = PBXGroup;
			children = (
				302B8A51280CC3F700D7ED9E /* Quicksand-Bold.ttf */,
				302B8A50280CC3F700D7ED9E /* Quicksand-Regular.ttf */,
			);
			path = Fonts;
			sourceTree = "<group>";
		};
		302B8A55280CC66E00D7ED9E /* Components */ = {
			isa = PBXGroup;
			children = (
				302B8A6E280E1DFA00D7ED9E /* Post */,
				302B8A67280CFE7500D7ED9E /* Story */,
			);
			path = Components;
			sourceTree = "<group>";
		};
		302B8A58280CC6B100D7ED9E /* Model */ = {
			isa = PBXGroup;
			children = (
				302B8A5A280CC6D300D7ED9E /* UserModel.swift */,
				302B8A60280CC7BC00D7ED9E /* StoryModel.swift */,
				302B8A6C280DCEDC00D7ED9E /* PostModel.swift */,
			);
			path = Model;
			sourceTree = "<group>";
		};
		302B8A59280CC6B500D7ED9E /* ViewModel */ = {
			isa = PBXGroup;
			children = (
				302B8A62280CC8C200D7ED9E /* HomeViewModel.swift */,
			);
			path = ViewModel;
			sourceTree = "<group>";
		};
		302B8A64280CCB8C00D7ED9E /* Utils */ = {
			isa = PBXGroup;
			children = (
				30BBD54D280E37D00080F1CF /* Extension.swift */,
				302B8A4F280CC3E800D7ED9E /* Fonts */,
				302B8A65280CCC8300D7ED9E /* Font+Ext.swift */,
			);
			path = Utils;
			sourceTree = "<group>";
		};
		302B8A67280CFE7500D7ED9E /* Story */ = {
			isa = PBXGroup;
			children = (
				302B8A68280CFE9E00D7ED9E /* StoryView.swift */,
				302B8A56280CC69D00D7ED9E /* StoriesView.swift */,
			);
			path = Story;
			sourceTree = "<group>";
		};
		302B8A6E280E1DFA00D7ED9E /* Post */ = {
			isa = PBXGroup;
			children = (
				30BBD54F280E3A360080F1CF /* PostView.swift */,
				302B8A6F280E1E2700D7ED9E /* PostsView.swift */,
			);
			path = Post;
			sourceTree = "<group>";
		};
/* End PBXGroup section */

/* Begin PBXNativeTarget section */
		302B8A3A280CB90A00D7ED9E /* RInstagram */ = {
			isa = PBXNativeTarget;
			buildConfigurationList = 302B8A49280CB90D00D7ED9E /* Build configuration list for PBXNativeTarget "RInstagram" */;
			buildPhases = (
				302B8A37280CB90A00D7ED9E /* Sources */,
				302B8A38280CB90A00D7ED9E /* Frameworks */,
				302B8A39280CB90A00D7ED9E /* Resources */,
			);
			buildRules = (
			);
			dependencies = (
			);
			name = RInstagram;
			productName = RInstagram;
			productReference = 302B8A3B280CB90A00D7ED9E /* RInstagram.app */;
			productType = "com.apple.product-type.application";
		};
/* End PBXNativeTarget section */

/* Begin PBXProject section */
		302B8A33280CB90900D7ED9E /* Project object */ = {
			isa = PBXProject;
			attributes = {
				BuildIndependentTargetsInParallel = 1;
				LastSwiftUpdateCheck = 1320;
				LastUpgradeCheck = 1320;
				TargetAttributes = {
					302B8A3A280CB90A00D7ED9E = {
						CreatedOnToolsVersion = 13.2.1;
					};
				};
			};
			buildConfigurationList = 302B8A36280CB90900D7ED9E /* Build configuration list for PBXProject "RInstagram" */;
			compatibilityVersion = "Xcode 13.0";
			developmentRegion = en;
			hasScannedForEncodings = 0;
			knownRegions = (
				en,
				Base,
			);
			mainGroup = 302B8A32280CB90900D7ED9E;
			productRefGroup = 302B8A3C280CB90A00D7ED9E /* Products */;
			projectDirPath = "";
			projectRoot = "";
			targets = (
				302B8A3A280CB90A00D7ED9E /* RInstagram */,
			);
		};
/* End PBXProject section */

/* Begin PBXResourcesBuildPhase section */
		302B8A39280CB90A00D7ED9E /* Resources */ = {
			isa = PBXResourcesBuildPhase;
			buildActionMask = 2147483647;
			files = (
				302B8A46280CB90D00D7ED9E /* Preview Assets.xcassets in Resources */,
				302B8A52280CC3F700D7ED9E /* Quicksand-Regular.ttf in Resources */,
				302B8A43280CB90D00D7ED9E /* Assets.xcassets in Resources */,
				302B8A53280CC3F700D7ED9E /* Quicksand-Bold.ttf in Resources */,
			);
			runOnlyForDeploymentPostprocessing = 0;
		};
/* End PBXResourcesBuildPhase section */

/* Begin PBXSourcesBuildPhase section */
		302B8A37280CB90A00D7ED9E /* Sources */ = {
			isa = PBXSourcesBuildPhase;
			buildActionMask = 2147483647;
			files = (
				302B8A3F280CB90A00D7ED9E /* RInstagramApp.swift in Sources */,
				302B8A6D280DCEDC00D7ED9E /* PostModel.swift in Sources */,
				302B8A66280CCC8300D7ED9E /* Font+Ext.swift in Sources */,
				302B8A63280CC8C200D7ED9E /* HomeViewModel.swift in Sources */,
				30BBD54E280E37D00080F1CF /* Extension.swift in Sources */,
				302B8A4D280CB95600D7ED9E /* HomeView.swift in Sources */,
				302B8A5B280CC6D300D7ED9E /* UserModel.swift in Sources */,
				302B8A57280CC69D00D7ED9E /* StoriesView.swift in Sources */,
				302B8A61280CC7BC00D7ED9E /* StoryModel.swift in Sources */,
				302B8A70280E1E2700D7ED9E /* PostsView.swift in Sources */,
				30BBD550280E3A360080F1CF /* PostView.swift in Sources */,
				302B8A69280CFE9F00D7ED9E /* StoryView.swift in Sources */,
			);
			runOnlyForDeploymentPostprocessing = 0;
		};
/* End PBXSourcesBuildPhase section */

/* Begin XCBuildConfiguration section */
		302B8A47280CB90D00D7ED9E /* Debug */ = {
			isa = XCBuildConfiguration;
			buildSettings = {
				ALWAYS_SEARCH_USER_PATHS = NO;
				CLANG_ANALYZER_NONNULL = YES;
				CLANG_ANALYZER_NUMBER_OBJECT_CONVERSION = YES_AGGRESSIVE;
				CLANG_CXX_LANGUAGE_STANDARD = "gnu++17";
				CLANG_CXX_LIBRARY = "libc++";
				CLANG_ENABLE_MODULES = YES;
				CLANG_ENABLE_OBJC_ARC = YES;
				CLANG_ENABLE_OBJC_WEAK = YES;
				CLANG_WARN_BLOCK_CAPTURE_AUTORELEASING = YES;
				CLANG_WARN_BOOL_CONVERSION = YES;
				CLANG_WARN_COMMA = YES;
				CLANG_WARN_CONSTANT_CONVERSION = YES;
				CLANG_WARN_DEPRECATED_OBJC_IMPLEMENTATIONS = YES;
				CLANG_WARN_DIRECT_OBJC_ISA_USAGE = YES_ERROR;
				CLANG_WARN_DOCUMENTATION_COMMENTS = YES;
				CLANG_WARN_EMPTY_BODY = YES;
				CLANG_WARN_ENUM_CONVERSION = YES;
				CLANG_WARN_INFINITE_RECURSION = YES;
				CLANG_WARN_INT_CONVERSION = YES;
				CLANG_WARN_NON_LITERAL_NULL_CONVERSION = YES;
				CLANG_WARN_OBJC_IMPLICIT_RETAIN_SELF = YES;
				CLANG_WARN_OBJC_LITERAL_CONVERSION = YES;
				CLANG_WARN_OBJC_ROOT_CLASS = YES_ERROR;
				CLANG_WARN_QUOTED_INCLUDE_IN_FRAMEWORK_HEADER = YES;
				CLANG_WARN_RANGE_LOOP_ANALYSIS = YES;
				CLANG_WARN_STRICT_PROTOTYPES = YES;
				CLANG_WARN_SUSPICIOUS_MOVE = YES;
				CLANG_WARN_UNGUARDED_AVAILABILITY = YES_AGGRESSIVE;
				CLANG_WARN_UNREACHABLE_CODE = YES;
				CLANG_WARN__DUPLICATE_METHOD_MATCH = YES;
				COPY_PHASE_STRIP = NO;
				DEBUG_INFORMATION_FORMAT = dwarf;
				ENABLE_STRICT_OBJC_MSGSEND = YES;
				ENABLE_TESTABILITY = YES;
				GCC_C_LANGUAGE_STANDARD = gnu11;
				GCC_DYNAMIC_NO_PIC = NO;
				GCC_NO_COMMON_BLOCKS = YES;
				GCC_OPTIMIZATION_LEVEL = 0;
				GCC_PREPROCESSOR_DEFINITIONS = (
					"DEBUG=1",
					"$(inherited)",
				);
				GCC_WARN_64_TO_32_BIT_CONVERSION = YES;
				GCC_WARN_ABOUT_RETURN_TYPE = YES_ERROR;
				GCC_WARN_UNDECLARED_SELECTOR = YES;
				GCC_WARN_UNINITIALIZED_AUTOS = YES_AGGRESSIVE;
				GCC_WARN_UNUSED_FUNCTION = YES;
				GCC_WARN_UNUSED_VARIABLE = YES;
				IPHONEOS_DEPLOYMENT_TARGET = 15.2;
				MTL_ENABLE_DEBUG_INFO = INCLUDE_SOURCE;
				MTL_FAST_MATH = YES;
				ONLY_ACTIVE_ARCH = YES;
				SDKROOT = iphoneos;
				SWIFT_ACTIVE_COMPILATION_CONDITIONS = DEBUG;
				SWIFT_OPTIMIZATION_LEVEL = "-Onone";
			};
			name = Debug;
		};
		302B8A48280CB90D00D7ED9E /* Release */ = {
			isa = XCBuildConfiguration;
			buildSettings = {
				ALWAYS_SEARCH_USER_PATHS = NO;
				CLANG_ANALYZER_NONNULL = YES;
				CLANG_ANALYZER_NUMBER_OBJECT_CONVERSION = YES_AGGRESSIVE;
				CLANG_CXX_LANGUAGE_STANDARD = "gnu++17";
				CLANG_CXX_LIBRARY = "libc++";
				CLANG_ENABLE_MODULES = YES;
				CLANG_ENABLE_OBJC_ARC = YES;
				CLANG_ENABLE_OBJC_WEAK = YES;
				CLANG_WARN_BLOCK_CAPTURE_AUTORELEASING = YES;
				CLANG_WARN_BOOL_CONVERSION = YES;
				CLANG_WARN_COMMA = YES;
				CLANG_WARN_CONSTANT_CONVERSION = YES;
				CLANG_WARN_DEPRECATED_OBJC_IMPLEMENTATIONS = YES;
				CLANG_WARN_DIRECT_OBJC_ISA_USAGE = YES_ERROR;
				CLANG_WARN_DOCUMENTATION_COMMENTS = YES;
				CLANG_WARN_EMPTY_BODY = YES;
				CLANG_WARN_ENUM_CONVERSION = YES;
				CLANG_WARN_INFINITE_RECURSION = YES;
				CLANG_WARN_INT_CONVERSION = YES;
				CLANG_WARN_NON_LITERAL_NULL_CONVERSION = YES;
				CLANG_WARN_OBJC_IMPLICIT_RETAIN_SELF = YES;
				CLANG_WARN_OBJC_LITERAL_CONVERSION = YES;
				CLANG_WARN_OBJC_ROOT_CLASS = YES_ERROR;
				CLANG_WARN_QUOTED_INCLUDE_IN_FRAMEWORK_HEADER = YES;
				CLANG_WARN_RANGE_LOOP_ANALYSIS = YES;
				CLANG_WARN_STRICT_PROTOTYPES = YES;
				CLANG_WARN_SUSPICIOUS_MOVE = YES;
				CLANG_WARN_UNGUARDED_AVAILABILITY = YES_AGGRESSIVE;
				CLANG_WARN_UNREACHABLE_CODE = YES;
				CLANG_WARN__DUPLICATE_METHOD_MATCH = YES;
				COPY_PHASE_STRIP = NO;
				DEBUG_INFORMATION_FORMAT = "dwarf-with-dsym";
				ENABLE_NS_ASSERTIONS = NO;
				ENABLE_STRICT_OBJC_MSGSEND = YES;
				GCC_C_LANGUAGE_STANDARD = gnu11;
				GCC_NO_COMMON_BLOCKS = YES;
				GCC_WARN_64_TO_32_BIT_CONVERSION = YES;
				GCC_WARN_ABOUT_RETURN_TYPE = YES_ERROR;
				GCC_WARN_UNDECLARED_SELECTOR = YES;
				GCC_WARN_UNINITIALIZED_AUTOS = YES_AGGRESSIVE;
				GCC_WARN_UNUSED_FUNCTION = YES;
				GCC_WARN_UNUSED_VARIABLE = YES;
				IPHONEOS_DEPLOYMENT_TARGET = 15.2;
				MTL_ENABLE_DEBUG_INFO = NO;
				MTL_FAST_MATH = YES;
				SDKROOT = iphoneos;
				SWIFT_COMPILATION_MODE = wholemodule;
				SWIFT_OPTIMIZATION_LEVEL = "-O";
				VALIDATE_PRODUCT = YES;
			};
			name = Release;
		};
		302B8A4A280CB90D00D7ED9E /* Debug */ = {
			isa = XCBuildConfiguration;
			buildSettings = {
				ASSETCATALOG_COMPILER_APPICON_NAME = AppIcon;
				ASSETCATALOG_COMPILER_GLOBAL_ACCENT_COLOR_NAME = AccentColor;
				CODE_SIGN_STYLE = Automatic;
				CURRENT_PROJECT_VERSION = 1;
				DEVELOPMENT_ASSET_PATHS = "\"RInstagram/Preview Content\"";
				DEVELOPMENT_TEAM = N4Y99Y6PT4;
				ENABLE_PREVIEWS = YES;
				GENERATE_INFOPLIST_FILE = YES;
				INFOPLIST_FILE = RInstagram/Info.plist;
				INFOPLIST_KEY_UIApplicationSceneManifest_Generation = YES;
				INFOPLIST_KEY_UIApplicationSupportsIndirectInputEvents = YES;
				INFOPLIST_KEY_UILaunchScreen_Generation = YES;
				INFOPLIST_KEY_UISupportedInterfaceOrientations_iPad = "UIInterfaceOrientationPortrait UIInterfaceOrientationPortraitUpsideDown UIInterfaceOrientationLandscapeLeft UIInterfaceOrientationLandscapeRight";
				INFOPLIST_KEY_UISupportedInterfaceOrientations_iPhone = "UIInterfaceOrientationPortrait UIInterfaceOrientationLandscapeLeft UIInterfaceOrientationLandscapeRight";
				LD_RUNPATH_SEARCH_PATHS = (
					"$(inherited)",
					"@executable_path/Frameworks",
				);
				MARKETING_VERSION = 1.0;
				PRODUCT_BUNDLE_IDENTIFIER = com.AliAghamirbabaei.RInstagram;
				PRODUCT_NAME = "$(TARGET_NAME)";
				SWIFT_EMIT_LOC_STRINGS = YES;
				SWIFT_VERSION = 5.0;
				TARGETED_DEVICE_FAMILY = "1,2";
			};
			name = Debug;
		};
		302B8A4B280CB90D00D7ED9E /* Release */ = {
			isa = XCBuildConfiguration;
			buildSettings = {
				ASSETCATALOG_COMPILER_APPICON_NAME = AppIcon;
				ASSETCATALOG_COMPILER_GLOBAL_ACCENT_COLOR_NAME = AccentColor;
				CODE_SIGN_STYLE = Automatic;
				CURRENT_PROJECT_VERSION = 1;
				DEVELOPMENT_ASSET_PATHS = "\"RInstagram/Preview Content\"";
				DEVELOPMENT_TEAM = N4Y99Y6PT4;
				ENABLE_PREVIEWS = YES;
				GENERATE_INFOPLIST_FILE = YES;
				INFOPLIST_FILE = RInstagram/Info.plist;
				INFOPLIST_KEY_UIApplicationSceneManifest_Generation = YES;
				INFOPLIST_KEY_UIApplicationSupportsIndirectInputEvents = YES;
				INFOPLIST_KEY_UILaunchScreen_Generation = YES;
				INFOPLIST_KEY_UISupportedInterfaceOrientations_iPad = "UIInterfaceOrientationPortrait UIInterfaceOrientationPortraitUpsideDown UIInterfaceOrientationLandscapeLeft UIInterfaceOrientationLandscapeRight";
				INFOPLIST_KEY_UISupportedInterfaceOrientations_iPhone = "UIInterfaceOrientationPortrait UIInterfaceOrientationLandscapeLeft UIInterfaceOrientationLandscapeRight";
				LD_RUNPATH_SEARCH_PATHS = (
					"$(inherited)",
					"@executable_path/Frameworks",
				);
				MARKETING_VERSION = 1.0;
				PRODUCT_BUNDLE_IDENTIFIER = com.AliAghamirbabaei.RInstagram;
				PRODUCT_NAME = "$(TARGET_NAME)";
				SWIFT_EMIT_LOC_STRINGS = YES;
				SWIFT_VERSION = 5.0;
				TARGETED_DEVICE_FAMILY = "1,2";
			};
			name = Release;
		};
/* End XCBuildConfiguration section */

/* Begin XCConfigurationList section */
		302B8A36280CB90900D7ED9E /* Build configuration list for PBXProject "RInstagram" */ = {
			isa = XCConfigurationList;
			buildConfigurations = (
				302B8A47280CB90D00D7ED9E /* Debug */,
				302B8A48280CB90D00D7ED9E /* Release */,
			);
			defaultConfigurationIsVisible = 0;
			defaultConfigurationName = Release;
		};
		302B8A49280CB90D00D7ED9E /* Build configuration list for PBXNativeTarget "RInstagram" */ = {
			isa = XCConfigurationList;
			buildConfigurations = (
				302B8A4A280CB90D00D7ED9E /* Debug */,
				302B8A4B280CB90D00D7ED9E /* Release */,
			);
			defaultConfigurationIsVisible = 0;
			defaultConfigurationName = Release;
		};
/* End XCConfigurationList section */
	};
	rootObject = 302B8A33280CB90900D7ED9E /* Project object */;
}
